// !$*UTF8*$!
{
	archiveVersion = 1;
	classes = {
	};
	objectVersion = 48;
	objects = {

/* Begin PBXBuildFile section */
		327E7EA02096725A0014ED39 /* VCIngresar.swift in Sources */ = {isa = PBXBuildFile; fileRef = 327E7E9F2096725A0014ED39 /* VCIngresar.swift */; };
		32838260207FC28800731DF4 /* MapKit.framework in Frameworks */ = {isa = PBXBuildFile; fileRef = 3283825F207FC28800731DF4 /* MapKit.framework */; };
		32838262207FC30000731DF4 /* VCMapa.swift in Sources */ = {isa = PBXBuildFile; fileRef = 32838261207FC30000731DF4 /* VCMapa.swift */; };
		3288D05A207FFBB100DD5569 /* LocationAdmin.swift in Sources */ = {isa = PBXBuildFile; fileRef = 3288D059207FFBB100DD5569 /* LocationAdmin.swift */; };
		3296946D2083555600C5BC25 /* City.swift in Sources */ = {isa = PBXBuildFile; fileRef = 3296946C2083555600C5BC25 /* City.swift */; };
		79146E5B20A1C9B90063368E /* VCGastar.swift in Sources */ = {isa = PBXBuildFile; fileRef = 79146E5A20A1C9B90063368E /* VCGastar.swift */; };
		794FF438207628530041A73B /* VCItem1.swift in Sources */ = {isa = PBXBuildFile; fileRef = 794FF437207628530041A73B /* VCItem1.swift */; };
		794FF440207688A80041A73B /* TVCMiCelda.swift in Sources */ = {isa = PBXBuildFile; fileRef = 794FF43F207688A80041A73B /* TVCMiCelda.swift */; };
		794FF448207690FD0041A73B /* VCColeccion.swift in Sources */ = {isa = PBXBuildFile; fileRef = 794FF447207690FD0041A73B /* VCColeccion.swift */; };
		79504F8F207CDBB800EF65C7 /* GoogleService-Info.plist in Resources */ = {isa = PBXBuildFile; fileRef = 79504F8E207CDBB800EF65C7 /* GoogleService-Info.plist */; };
		79504F91207CE19700EF65C7 /* DataHolder.swift in Sources */ = {isa = PBXBuildFile; fileRef = 79504F90207CE19700EF65C7 /* DataHolder.swift */; };
		7974A9EC2076969400926546 /* CVCMiCelda2.swift in Sources */ = {isa = PBXBuildFile; fileRef = 7974A9EB2076969400926546 /* CVCMiCelda2.swift */; };
		798B76E7207F871E003F39D3 /* Perfil.swift in Sources */ = {isa = PBXBuildFile; fileRef = 798B76E6207F871E003F39D3 /* Perfil.swift */; };
		79A8D5252073ACDC00538062 /* VCRegister.swift in Sources */ = {isa = PBXBuildFile; fileRef = 79A8D5242073ACDC00538062 /* VCRegister.swift */; };
		79DC502A208F4BDF00C70874 /* VCPrincipal.swift in Sources */ = {isa = PBXBuildFile; fileRef = 79DC5029208F4BDF00C70874 /* VCPrincipal.swift */; };
		79E203242063B7D6003B2EA3 /* AppDelegate.swift in Sources */ = {isa = PBXBuildFile; fileRef = 79E203232063B7D6003B2EA3 /* AppDelegate.swift */; };
		79E203262063B7D6003B2EA3 /* ViewController.swift in Sources */ = {isa = PBXBuildFile; fileRef = 79E203252063B7D6003B2EA3 /* ViewController.swift */; };
		79E203292063B7D6003B2EA3 /* Main.storyboard in Resources */ = {isa = PBXBuildFile; fileRef = 79E203272063B7D6003B2EA3 /* Main.storyboard */; };
		79E2032C2063B7D6003B2EA3 /* MiPrimerProyecto.xcdatamodeld in Sources */ = {isa = PBXBuildFile; fileRef = 79E2032A2063B7D6003B2EA3 /* MiPrimerProyecto.xcdatamodeld */; };
		79E2032E2063B7D6003B2EA3 /* Assets.xcassets in Resources */ = {isa = PBXBuildFile; fileRef = 79E2032D2063B7D6003B2EA3 /* Assets.xcassets */; };
		79E203312063B7D6003B2EA3 /* LaunchScreen.storyboard in Resources */ = {isa = PBXBuildFile; fileRef = 79E2032F2063B7D6003B2EA3 /* LaunchScreen.storyboard */; };
		C2AC29FED5DA12A296E96339 /* Pods_MiPrimerProyecto.framework in Frameworks */ = {isa = PBXBuildFile; fileRef = C9176CC5E7664E64DA92C5AF /* Pods_MiPrimerProyecto.framework */; };
/* End PBXBuildFile section */

/* Begin PBXFileReference section */
		162DAD0345B9790C7DE23412 /* Pods-MiPrimerProyecto.debug.xcconfig */ = {isa = PBXFileReference; includeInIndex = 1; lastKnownFileType = text.xcconfig; name = "Pods-MiPrimerProyecto.debug.xcconfig"; path = "Pods/Target Support Files/Pods-MiPrimerProyecto/Pods-MiPrimerProyecto.debug.xcconfig"; sourceTree = "<group>"; };
		327E7E9F2096725A0014ED39 /* VCIngresar.swift */ = {isa = PBXFileReference; lastKnownFileType = sourcecode.swift; path = VCIngresar.swift; sourceTree = "<group>"; };
		3283825F207FC28800731DF4 /* MapKit.framework */ = {isa = PBXFileReference; lastKnownFileType = wrapper.framework; name = MapKit.framework; path = System/Library/Frameworks/MapKit.framework; sourceTree = SDKROOT; };
		32838261207FC30000731DF4 /* VCMapa.swift */ = {isa = PBXFileReference; lastKnownFileType = sourcecode.swift; path = VCMapa.swift; sourceTree = "<group>"; };
		3288D059207FFBB100DD5569 /* LocationAdmin.swift */ = {isa = PBXFileReference; lastKnownFileType = sourcecode.swift; path = LocationAdmin.swift; sourceTree = "<group>"; };
		3296946C2083555600C5BC25 /* City.swift */ = {isa = PBXFileReference; lastKnownFileType = sourcecode.swift; path = City.swift; sourceTree = "<group>"; };
		79146E5A20A1C9B90063368E /* VCGastar.swift */ = {isa = PBXFileReference; lastKnownFileType = sourcecode.swift; path = VCGastar.swift; sourceTree = "<group>"; };
		794FF437207628530041A73B /* VCItem1.swift */ = {isa = PBXFileReference; lastKnownFileType = sourcecode.swift; path = VCItem1.swift; sourceTree = "<group>"; };
		794FF43F207688A80041A73B /* TVCMiCelda.swift */ = {isa = PBXFileReference; lastKnownFileType = sourcecode.swift; path = TVCMiCelda.swift; sourceTree = "<group>"; };
		794FF447207690FD0041A73B /* VCColeccion.swift */ = {isa = PBXFileReference; lastKnownFileType = sourcecode.swift; path = VCColeccion.swift; sourceTree = "<group>"; };
		79504F8E207CDBB800EF65C7 /* GoogleService-Info.plist */ = {isa = PBXFileReference; fileEncoding = 4; lastKnownFileType = text.plist.xml; path = "GoogleService-Info.plist"; sourceTree = "<group>"; };
		79504F90207CE19700EF65C7 /* DataHolder.swift */ = {isa = PBXFileReference; lastKnownFileType = sourcecode.swift; path = DataHolder.swift; sourceTree = "<group>"; };
		7974A9EB2076969400926546 /* CVCMiCelda2.swift */ = {isa = PBXFileReference; lastKnownFileType = sourcecode.swift; path = CVCMiCelda2.swift; sourceTree = "<group>"; };
		798B76E6207F871E003F39D3 /* Perfil.swift */ = {isa = PBXFileReference; lastKnownFileType = sourcecode.swift; path = Perfil.swift; sourceTree = "<group>"; };
		79A8D5242073ACDC00538062 /* VCRegister.swift */ = {isa = PBXFileReference; lastKnownFileType = sourcecode.swift; path = VCRegister.swift; sourceTree = "<group>"; };
		79DC5029208F4BDF00C70874 /* VCPrincipal.swift */ = {isa = PBXFileReference; lastKnownFileType = sourcecode.swift; path = VCPrincipal.swift; sourceTree = "<group>"; };
		79E203202063B7D6003B2EA3 /* MiPrimerProyecto.app */ = {isa = PBXFileReference; explicitFileType = wrapper.application; includeInIndex = 0; path = MiPrimerProyecto.app; sourceTree = BUILT_PRODUCTS_DIR; };
		79E203232063B7D6003B2EA3 /* AppDelegate.swift */ = {isa = PBXFileReference; lastKnownFileType = sourcecode.swift; path = AppDelegate.swift; sourceTree = "<group>"; };
		79E203252063B7D6003B2EA3 /* ViewController.swift */ = {isa = PBXFileReference; lastKnownFileType = sourcecode.swift; path = ViewController.swift; sourceTree = "<group>"; };
		79E203282063B7D6003B2EA3 /* Base */ = {isa = PBXFileReference; lastKnownFileType = file.storyboard; name = Base; path = Base.lproj/Main.storyboard; sourceTree = "<group>"; };
		79E2032B2063B7D6003B2EA3 /* MiPrimerProyecto.xcdatamodel */ = {isa = PBXFileReference; lastKnownFileType = wrapper.xcdatamodel; path = MiPrimerProyecto.xcdatamodel; sourceTree = "<group>"; };
		79E2032D2063B7D6003B2EA3 /* Assets.xcassets */ = {isa = PBXFileReference; lastKnownFileType = folder.assetcatalog; path = Assets.xcassets; sourceTree = "<group>"; };
		79E203302063B7D6003B2EA3 /* Base */ = {isa = PBXFileReference; lastKnownFileType = file.storyboard; name = Base; path = Base.lproj/LaunchScreen.storyboard; sourceTree = "<group>"; };
		79E203322063B7D6003B2EA3 /* Info.plist */ = {isa = PBXFileReference; lastKnownFileType = text.plist.xml; path = Info.plist; sourceTree = "<group>"; };
		908209DC5C7A3D9FA86EDC24 /* Pods-MiPrimerProyecto.release.xcconfig */ = {isa = PBXFileReference; includeInIndex = 1; lastKnownFileType = text.xcconfig; name = "Pods-MiPrimerProyecto.release.xcconfig"; path = "Pods/Target Support Files/Pods-MiPrimerProyecto/Pods-MiPrimerProyecto.release.xcconfig"; sourceTree = "<group>"; };
		C9176CC5E7664E64DA92C5AF /* Pods_MiPrimerProyecto.framework */ = {isa = PBXFileReference; explicitFileType = wrapper.framework; includeInIndex = 0; path = Pods_MiPrimerProyecto.framework; sourceTree = BUILT_PRODUCTS_DIR; };
/* End PBXFileReference section */

/* Begin PBXFrameworksBuildPhase section */
		79E2031D2063B7D6003B2EA3 /* Frameworks */ = {
			isa = PBXFrameworksBuildPhase;
			buildActionMask = 2147483647;
			files = (
				32838260207FC28800731DF4 /* MapKit.framework in Frameworks */,
				C2AC29FED5DA12A296E96339 /* Pods_MiPrimerProyecto.framework in Frameworks */,
			);
			runOnlyForDeploymentPostprocessing = 0;
		};
/* End PBXFrameworksBuildPhase section */

/* Begin PBXGroup section */
		79E203172063B7D6003B2EA3 = {
			isa = PBXGroup;
			children = (
				79E203222063B7D6003B2EA3 /* MiPrimerProyecto */,
				79E203212063B7D6003B2EA3 /* Products */,
				B6C64D47D1997D3FA19ABEC3 /* Pods */,
				A1918EB52A49392A9C7D1C1A /* Frameworks */,
			);
			sourceTree = "<group>";
		};
		79E203212063B7D6003B2EA3 /* Products */ = {
			isa = PBXGroup;
			children = (
				79E203202063B7D6003B2EA3 /* MiPrimerProyecto.app */,
			);
			name = Products;
			sourceTree = "<group>";
		};
		79E203222063B7D6003B2EA3 /* MiPrimerProyecto */ = {
			isa = PBXGroup;
			children = (
				79E203272063B7D6003B2EA3 /* Main.storyboard */,
				79E203232063B7D6003B2EA3 /* AppDelegate.swift */,
				79E203252063B7D6003B2EA3 /* ViewController.swift */,
				79A8D5242073ACDC00538062 /* VCRegister.swift */,
				79DC5029208F4BDF00C70874 /* VCPrincipal.swift */,
				327E7E9F2096725A0014ED39 /* VCIngresar.swift */,
				79146E5A20A1C9B90063368E /* VCGastar.swift */,
				794FF437207628530041A73B /* VCItem1.swift */,
				794FF43F207688A80041A73B /* TVCMiCelda.swift */,
				794FF447207690FD0041A73B /* VCColeccion.swift */,
				7974A9EB2076969400926546 /* CVCMiCelda2.swift */,
				3288D059207FFBB100DD5569 /* LocationAdmin.swift */,
				32838261207FC30000731DF4 /* VCMapa.swift */,
				798B76E6207F871E003F39D3 /* Perfil.swift */,
				3296946C2083555600C5BC25 /* City.swift */,
				79504F90207CE19700EF65C7 /* DataHolder.swift */,
				79E2032D2063B7D6003B2EA3 /* Assets.xcassets */,
				79504F8E207CDBB800EF65C7 /* GoogleService-Info.plist */,
				79E2032F2063B7D6003B2EA3 /* LaunchScreen.storyboard */,
				79E203322063B7D6003B2EA3 /* Info.plist */,
				79E2032A2063B7D6003B2EA3 /* MiPrimerProyecto.xcdatamodeld */,
			);
			path = MiPrimerProyecto;
			sourceTree = "<group>";
		};
		A1918EB52A49392A9C7D1C1A /* Frameworks */ = {
			isa = PBXGroup;
			children = (
				3283825F207FC28800731DF4 /* MapKit.framework */,
				C9176CC5E7664E64DA92C5AF /* Pods_MiPrimerProyecto.framework */,
			);
			name = Frameworks;
			sourceTree = "<group>";
		};
		B6C64D47D1997D3FA19ABEC3 /* Pods */ = {
			isa = PBXGroup;
			children = (
				162DAD0345B9790C7DE23412 /* Pods-MiPrimerProyecto.debug.xcconfig */,
				908209DC5C7A3D9FA86EDC24 /* Pods-MiPrimerProyecto.release.xcconfig */,
			);
			name = Pods;
			sourceTree = "<group>";
		};
/* End PBXGroup section */

/* Begin PBXNativeTarget section */
		79E2031F2063B7D6003B2EA3 /* MiPrimerProyecto */ = {
			isa = PBXNativeTarget;
			buildConfigurationList = 79E203352063B7D6003B2EA3 /* Build configuration list for PBXNativeTarget "MiPrimerProyecto" */;
			buildPhases = (
				6B7A8D05535B824D69A93D14 /* [CP] Check Pods Manifest.lock */,
				79E2031C2063B7D6003B2EA3 /* Sources */,
				79E2031D2063B7D6003B2EA3 /* Frameworks */,
				79E2031E2063B7D6003B2EA3 /* Resources */,
				D2DD5C8D24B4DC552266ECA2 /* [CP] Embed Pods Frameworks */,
				A80E4AF4CFCE69B4C50E18E9 /* [CP] Copy Pods Resources */,
			);
			buildRules = (
			);
			dependencies = (
			);
			name = MiPrimerProyecto;
			productName = MiPrimerProyecto;
			productReference = 79E203202063B7D6003B2EA3 /* MiPrimerProyecto.app */;
			productType = "com.apple.product-type.application";
		};
/* End PBXNativeTarget section */

/* Begin PBXProject section */
		79E203182063B7D6003B2EA3 /* Project object */ = {
			isa = PBXProject;
			attributes = {
				LastSwiftUpdateCheck = 0920;
				LastUpgradeCheck = 0920;
				ORGANIZATIONNAME = "PABLO HERNANDEZ JIMENEZ";
				TargetAttributes = {
					79E2031F2063B7D6003B2EA3 = {
						CreatedOnToolsVersion = 9.2;
						ProvisioningStyle = Automatic;
						SystemCapabilities = {
							com.apple.BackgroundModes = {
								enabled = 1;
							};
							com.apple.Maps.iOS = {
								enabled = 1;
							};
						};
					};
				};
			};
			buildConfigurationList = 79E2031B2063B7D6003B2EA3 /* Build configuration list for PBXProject "MiPrimerProyecto" */;
			compatibilityVersion = "Xcode 8.0";
			developmentRegion = en;
			hasScannedForEncodings = 0;
			knownRegions = (
				en,
				Base,
			);
			mainGroup = 79E203172063B7D6003B2EA3;
			productRefGroup = 79E203212063B7D6003B2EA3 /* Products */;
			projectDirPath = "";
			projectRoot = "";
			targets = (
				79E2031F2063B7D6003B2EA3 /* MiPrimerProyecto */,
			);
		};
/* End PBXProject section */

/* Begin PBXResourcesBuildPhase section */
		79E2031E2063B7D6003B2EA3 /* Resources */ = {
			isa = PBXResourcesBuildPhase;
			buildActionMask = 2147483647;
			files = (
				79E203312063B7D6003B2EA3 /* LaunchScreen.storyboard in Resources */,
				79504F8F207CDBB800EF65C7 /* GoogleService-Info.plist in Resources */,
				79E2032E2063B7D6003B2EA3 /* Assets.xcassets in Resources */,
				79E203292063B7D6003B2EA3 /* Main.storyboard in Resources */,
			);
			runOnlyForDeploymentPostprocessing = 0;
		};
/* End PBXResourcesBuildPhase section */

/* Begin PBXShellScriptBuildPhase section */
		6B7A8D05535B824D69A93D14 /* [CP] Check Pods Manifest.lock */ = {
			isa = PBXShellScriptBuildPhase;
			buildActionMask = 2147483647;
			files = (
			);
			inputPaths = (
				"${PODS_PODFILE_DIR_PATH}/Podfile.lock",
				"${PODS_ROOT}/Manifest.lock",
			);
			name = "[CP] Check Pods Manifest.lock";
			outputPaths = (
				"$(DERIVED_FILE_DIR)/Pods-MiPrimerProyecto-checkManifestLockResult.txt",
			);
			runOnlyForDeploymentPostprocessing = 0;
			shellPath = /bin/sh;
			shellScript = "diff \"${PODS_PODFILE_DIR_PATH}/Podfile.lock\" \"${PODS_ROOT}/Manifest.lock\" > /dev/null\nif [ $? != 0 ] ; then\n    # print error to STDERR\n    echo \"error: The sandbox is not in sync with the Podfile.lock. Run 'pod install' or update your CocoaPods installation.\" >&2\n    exit 1\nfi\n# This output is used by Xcode 'outputs' to avoid re-running this script phase.\necho \"SUCCESS\" > \"${SCRIPT_OUTPUT_FILE_0}\"\n";
			showEnvVarsInLog = 0;
		};
		A80E4AF4CFCE69B4C50E18E9 /* [CP] Copy Pods Resources */ = {
			isa = PBXShellScriptBuildPhase;
			buildActionMask = 2147483647;
			files = (
			);
			inputPaths = (
			);
			name = "[CP] Copy Pods Resources";
			outputPaths = (
			);
			runOnlyForDeploymentPostprocessing = 0;
			shellPath = /bin/sh;
			shellScript = "\"${SRCROOT}/Pods/Target Support Files/Pods-MiPrimerProyecto/Pods-MiPrimerProyecto-resources.sh\"\n";
			showEnvVarsInLog = 0;
		};
		D2DD5C8D24B4DC552266ECA2 /* [CP] Embed Pods Frameworks */ = {
			isa = PBXShellScriptBuildPhase;
			buildActionMask = 2147483647;
			files = (
			);
			inputPaths = (
				"${SRCROOT}/Pods/Target Support Files/Pods-MiPrimerProyecto/Pods-MiPrimerProyecto-frameworks.sh",
				"${BUILT_PRODUCTS_DIR}/BoringSSL/openssl.framework",
				"${BUILT_PRODUCTS_DIR}/GTMSessionFetcher/GTMSessionFetcher.framework",
				"${BUILT_PRODUCTS_DIR}/GTProgressBar/GTProgressBar.framework",
				"${BUILT_PRODUCTS_DIR}/GoogleToolboxForMac/GoogleToolboxForMac.framework",
				"${BUILT_PRODUCTS_DIR}/Protobuf/Protobuf.framework",
				"${BUILT_PRODUCTS_DIR}/gRPC/GRPCClient.framework",
				"${BUILT_PRODUCTS_DIR}/gRPC-Core/grpc.framework",
				"${BUILT_PRODUCTS_DIR}/gRPC-ProtoRPC/ProtoRPC.framework",
				"${BUILT_PRODUCTS_DIR}/gRPC-RxLibrary/RxLibrary.framework",
				"${BUILT_PRODUCTS_DIR}/leveldb-library/leveldb.framework",
				"${BUILT_PRODUCTS_DIR}/nanopb/nanopb.framework",
			);
			name = "[CP] Embed Pods Frameworks";
			outputPaths = (
				"${TARGET_BUILD_DIR}/${FRAMEWORKS_FOLDER_PATH}/openssl.framework",
				"${TARGET_BUILD_DIR}/${FRAMEWORKS_FOLDER_PATH}/GTMSessionFetcher.framework",
				"${TARGET_BUILD_DIR}/${FRAMEWORKS_FOLDER_PATH}/GTProgressBar.framework",
				"${TARGET_BUILD_DIR}/${FRAMEWORKS_FOLDER_PATH}/GoogleToolboxForMac.framework",
				"${TARGET_BUILD_DIR}/${FRAMEWORKS_FOLDER_PATH}/Protobuf.framework",
				"${TARGET_BUILD_DIR}/${FRAMEWORKS_FOLDER_PATH}/GRPCClient.framework",
				"${TARGET_BUILD_DIR}/${FRAMEWORKS_FOLDER_PATH}/grpc.framework",
				"${TARGET_BUILD_DIR}/${FRAMEWORKS_FOLDER_PATH}/ProtoRPC.framework",
				"${TARGET_BUILD_DIR}/${FRAMEWORKS_FOLDER_PATH}/RxLibrary.framework",
				"${TARGET_BUILD_DIR}/${FRAMEWORKS_FOLDER_PATH}/leveldb.framework",
				"${TARGET_BUILD_DIR}/${FRAMEWORKS_FOLDER_PATH}/nanopb.framework",
			);
			runOnlyForDeploymentPostprocessing = 0;
			shellPath = /bin/sh;
			shellScript = "\"${SRCROOT}/Pods/Target Support Files/Pods-MiPrimerProyecto/Pods-MiPrimerProyecto-frameworks.sh\"\n";
			showEnvVarsInLog = 0;
		};
/* End PBXShellScriptBuildPhase section */

/* Begin PBXSourcesBuildPhase section */
		79E2031C2063B7D6003B2EA3 /* Sources */ = {
			isa = PBXSourcesBuildPhase;
			buildActionMask = 2147483647;
			files = (
				79E2032C2063B7D6003B2EA3 /* MiPrimerProyecto.xcdatamodeld in Sources */,
				79504F91207CE19700EF65C7 /* DataHolder.swift in Sources */,
				7974A9EC2076969400926546 /* CVCMiCelda2.swift in Sources */,
				79DC502A208F4BDF00C70874 /* VCPrincipal.swift in Sources */,
				79146E5B20A1C9B90063368E /* VCGastar.swift in Sources */,
				32838262207FC30000731DF4 /* VCMapa.swift in Sources */,
				79A8D5252073ACDC00538062 /* VCRegister.swift in Sources */,
				79E203262063B7D6003B2EA3 /* ViewController.swift in Sources */,
				798B76E7207F871E003F39D3 /* Perfil.swift in Sources */,
				79E203242063B7D6003B2EA3 /* AppDelegate.swift in Sources */,
				3288D05A207FFBB100DD5569 /* LocationAdmin.swift in Sources */,
				794FF438207628530041A73B /* VCItem1.swift in Sources */,
				794FF448207690FD0041A73B /* VCColeccion.swift in Sources */,
				3296946D2083555600C5BC25 /* City.swift in Sources */,
				794FF440207688A80041A73B /* TVCMiCelda.swift in Sources */,
				327E7EA02096725A0014ED39 /* VCIngresar.swift in Sources */,
			);
			runOnlyForDeploymentPostprocessing = 0;
		};
/* End PBXSourcesBuildPhase section */

/* Begin PBXVariantGroup section */
		79E203272063B7D6003B2EA3 /* Main.storyboard */ = {
			isa = PBXVariantGroup;
			children = (
				79E203282063B7D6003B2EA3 /* Base */,
			);
			name = Main.storyboard;
			sourceTree = "<group>";
		};
		79E2032F2063B7D6003B2EA3 /* LaunchScreen.storyboard */ = {
			isa = PBXVariantGroup;
			children = (
				79E203302063B7D6003B2EA3 /* Base */,
			);
			name = LaunchScreen.storyboard;
			sourceTree = "<group>";
		};
/* End PBXVariantGroup section */

/* Begin XCBuildConfiguration section */
		79E203332063B7D6003B2EA3 /* Debug */ = {
			isa = XCBuildConfiguration;
			buildSettings = {
				ALWAYS_SEARCH_USER_PATHS = NO;
				CLANG_ANALYZER_NONNULL = YES;
				CLANG_ANALYZER_NUMBER_OBJECT_CONVERSION = YES_AGGRESSIVE;
				CLANG_CXX_LANGUAGE_STANDARD = "gnu++14";
				CLANG_CXX_LIBRARY = "libc++";
				CLANG_ENABLE_MODULES = YES;
				CLANG_ENABLE_OBJC_ARC = YES;
				CLANG_WARN_BLOCK_CAPTURE_AUTORELEASING = YES;
				CLANG_WARN_BOOL_CONVERSION = YES;
				CLANG_WARN_COMMA = YES;
				CLANG_WARN_CONSTANT_CONVERSION = YES;
				CLANG_WARN_DIRECT_OBJC_ISA_USAGE = YES_ERROR;
				CLANG_WARN_DOCUMENTATION_COMMENTS = YES;
				CLANG_WARN_EMPTY_BODY = YES;
				CLANG_WARN_ENUM_CONVERSION = YES;
				CLANG_WARN_INFINITE_RECURSION = YES;
				CLANG_WARN_INT_CONVERSION = YES;
				CLANG_WARN_NON_LITERAL_NULL_CONVERSION = YES;
				CLANG_WARN_OBJC_LITERAL_CONVERSION = YES;
				CLANG_WARN_OBJC_ROOT_CLASS = YES_ERROR;
				CLANG_WARN_RANGE_LOOP_ANALYSIS = YES;
				CLANG_WARN_STRICT_PROTOTYPES = YES;
				CLANG_WARN_SUSPICIOUS_MOVE = YES;
				CLANG_WARN_UNGUARDED_AVAILABILITY = YES_AGGRESSIVE;
				CLANG_WARN_UNREACHABLE_CODE = YES;
				CLANG_WARN__DUPLICATE_METHOD_MATCH = YES;
				CODE_SIGN_IDENTITY = "iPhone Developer";
				COPY_PHASE_STRIP = NO;
				DEBUG_INFORMATION_FORMAT = dwarf;
				ENABLE_STRICT_OBJC_MSGSEND = YES;
				ENABLE_TESTABILITY = YES;
				GCC_C_LANGUAGE_STANDARD = gnu11;
				GCC_DYNAMIC_NO_PIC = NO;
				GCC_NO_COMMON_BLOCKS = YES;
				GCC_OPTIMIZATION_LEVEL = 0;
				GCC_PREPROCESSOR_DEFINITIONS = (
					"DEBUG=1",
					"$(inherited)",
				);
				GCC_WARN_64_TO_32_BIT_CONVERSION = YES;
				GCC_WARN_ABOUT_RETURN_TYPE = YES_ERROR;
				GCC_WARN_UNDECLARED_SELECTOR = YES;
				GCC_WARN_UNINITIALIZED_AUTOS = YES_AGGRESSIVE;
				GCC_WARN_UNUSED_FUNCTION = YES;
				GCC_WARN_UNUSED_VARIABLE = YES;
				IPHONEOS_DEPLOYMENT_TARGET = 11.2;
				MTL_ENABLE_DEBUG_INFO = YES;
				ONLY_ACTIVE_ARCH = YES;
				SDKROOT = iphoneos;
				SWIFT_ACTIVE_COMPILATION_CONDITIONS = DEBUG;
				SWIFT_OPTIMIZATION_LEVEL = "-Onone";
			};
			name = Debug;
		};
		79E203342063B7D6003B2EA3 /* Release */ = {
			isa = XCBuildConfiguration;
			buildSettings = {
				ALWAYS_SEARCH_USER_PATHS = NO;
				CLANG_ANALYZER_NONNULL = YES;
				CLANG_ANALYZER_NUMBER_OBJECT_CONVERSION = YES_AGGRESSIVE;
				CLANG_CXX_LANGUAGE_STANDARD = "gnu++14";
				CLANG_CXX_LIBRARY = "libc++";
				CLANG_ENABLE_MODULES = YES;
				CLANG_ENABLE_OBJC_ARC = YES;
				CLANG_WARN_BLOCK_CAPTURE_AUTORELEASING = YES;
				CLANG_WARN_BOOL_CONVERSION = YES;
				CLANG_WARN_COMMA = YES;
				CLANG_WARN_CONSTANT_CONVERSION = YES;
				CLANG_WARN_DIRECT_OBJC_ISA_USAGE = YES_ERROR;
				CLANG_WARN_DOCUMENTATION_COMMENTS = YES;
				CLANG_WARN_EMPTY_BODY = YES;
				CLANG_WARN_ENUM_CONVERSION = YES;
				CLANG_WARN_INFINITE_RECURSION = YES;
				CLANG_WARN_INT_CONVERSION = YES;
				CLANG_WARN_NON_LITERAL_NULL_CONVERSION = YES;
				CLANG_WARN_OBJC_LITERAL_CONVERSION = YES;
				CLANG_WARN_OBJC_ROOT_CLASS = YES_ERROR;
				CLANG_WARN_RANGE_LOOP_ANALYSIS = YES;
				CLANG_WARN_STRICT_PROTOTYPES = YES;
				CLANG_WARN_SUSPICIOUS_MOVE = YES;
				CLANG_WARN_UNGUARDED_AVAILABILITY = YES_AGGRESSIVE;
				CLANG_WARN_UNREACHABLE_CODE = YES;
				CLANG_WARN__DUPLICATE_METHOD_MATCH = YES;
				CODE_SIGN_IDENTITY = "iPhone Developer";
				COPY_PHASE_STRIP = NO;
				DEBUG_INFORMATION_FORMAT = "dwarf-with-dsym";
				ENABLE_NS_ASSERTIONS = NO;
				ENABLE_STRICT_OBJC_MSGSEND = YES;
				GCC_C_LANGUAGE_STANDARD = gnu11;
				GCC_NO_COMMON_BLOCKS = YES;
				GCC_WARN_64_TO_32_BIT_CONVERSION = YES;
				GCC_WARN_ABOUT_RETURN_TYPE = YES_ERROR;
				GCC_WARN_UNDECLARED_SELECTOR = YES;
				GCC_WARN_UNINITIALIZED_AUTOS = YES_AGGRESSIVE;
				GCC_WARN_UNUSED_FUNCTION = YES;
				GCC_WARN_UNUSED_VARIABLE = YES;
				IPHONEOS_DEPLOYMENT_TARGET = 11.2;
				MTL_ENABLE_DEBUG_INFO = NO;
				SDKROOT = iphoneos;
				SWIFT_OPTIMIZATION_LEVEL = "-Owholemodule";
				VALIDATE_PRODUCT = YES;
			};
			name = Release;
		};
		79E203362063B7D6003B2EA3 /* Debug */ = {
			isa = XCBuildConfiguration;
			baseConfigurationReference = 162DAD0345B9790C7DE23412 /* Pods-MiPrimerProyecto.debug.xcconfig */;
			buildSettings = {
				ASSETCATALOG_COMPILER_APPICON_NAME = AppIcon;
				CODE_SIGN_STYLE = Automatic;
				INFOPLIST_FILE = MiPrimerProyecto/Info.plist;
				IPHONEOS_DEPLOYMENT_TARGET = 11.2;
				LD_RUNPATH_SEARCH_PATHS = "$(inherited) @executable_path/Frameworks";
				PRODUCT_BUNDLE_IDENTIFIER = Pablo.MiPrimerProyecto;
				PRODUCT_NAME = "$(TARGET_NAME)";
				SWIFT_VERSION = 4.0;
				TARGETED_DEVICE_FAMILY = "1,2";
			};
			name = Debug;
		};
		79E203372063B7D6003B2EA3 /* Release */ = {
			isa = XCBuildConfiguration;
			baseConfigurationReference = 908209DC5C7A3D9FA86EDC24 /* Pods-MiPrimerProyecto.release.xcconfig */;
			buildSettings = {
				ASSETCATALOG_COMPILER_APPICON_NAME = AppIcon;
				CODE_SIGN_STYLE = Automatic;
				INFOPLIST_FILE = MiPrimerProyecto/Info.plist;
				IPHONEOS_DEPLOYMENT_TARGET = 11.2;
				LD_RUNPATH_SEARCH_PATHS = "$(inherited) @executable_path/Frameworks";
				PRODUCT_BUNDLE_IDENTIFIER = Pablo.MiPrimerProyecto;
				PRODUCT_NAME = "$(TARGET_NAME)";
				SWIFT_VERSION = 4.0;
				TARGETED_DEVICE_FAMILY = "1,2";
			};
			name = Release;
		};
/* End XCBuildConfiguration section */

/* Begin XCConfigurationList section */
		79E2031B2063B7D6003B2EA3 /* Build configuration list for PBXProject "MiPrimerProyecto" */ = {
			isa = XCConfigurationList;
			buildConfigurations = (
				79E203332063B7D6003B2EA3 /* Debug */,
				79E203342063B7D6003B2EA3 /* Release */,
			);
			defaultConfigurationIsVisible = 0;
			defaultConfigurationName = Release;
		};
		79E203352063B7D6003B2EA3 /* Build configuration list for PBXNativeTarget "MiPrimerProyecto" */ = {
			isa = XCConfigurationList;
			buildConfigurations = (
				79E203362063B7D6003B2EA3 /* Debug */,
				79E203372063B7D6003B2EA3 /* Release */,
			);
			defaultConfigurationIsVisible = 0;
			defaultConfigurationName = Release;
		};
/* End XCConfigurationList section */

/* Begin XCVersionGroup section */
		79E2032A2063B7D6003B2EA3 /* MiPrimerProyecto.xcdatamodeld */ = {
			isa = XCVersionGroup;
			children = (
				79E2032B2063B7D6003B2EA3 /* MiPrimerProyecto.xcdatamodel */,
			);
			currentVersion = 79E2032B2063B7D6003B2EA3 /* MiPrimerProyecto.xcdatamodel */;
			path = MiPrimerProyecto.xcdatamodeld;
			sourceTree = "<group>";
			versionGroupType = wrapper.xcdatamodel;
		};
/* End XCVersionGroup section */
	};
	rootObject = 79E203182063B7D6003B2EA3 /* Project object */;
}
